
Microsoft Visual Studio Solution File, Format Version 12.00
# Visual Studio Version 16
VisualStudioVersion = 16.0.31005.135
MinimumVisualStudioVersion = 10.0.40219.1
Project("{9A19103F-16F7-4668-BE54-9A1E7A4F7556}") = "lab 10", "lab 9\lab 10.csproj", "{03061386-3619-4683-9B57-21313B4445F7}"
EndProject
Project("{9A19103F-16F7-4668-BE54-9A1E7A4F7556}") = "Task 10", "Task 10\Task 10.csproj", "{BB48FE61-0613-401C-8E8A-633318776C2F}"
EndProject
Project("{9A19103F-16F7-4668-BE54-9A1E7A4F7556}") = "Task 7", "Task 7\Task 7.csproj", "{35776F40-7F58-4CE2-A1A6-BAD90B44CB11}"
EndProject
Project("{9A19103F-16F7-4668-BE54-9A1E7A4F7556}") = "Task 9", "Task 9\Task 9.csproj", "{F1EDC287-DDD4-4D00-B6BE-7DAE190F684E}"
EndProject
Project("{FAE04EC0-301F-11D3-BF4B-00C04F79EFBC}") = "Task 8", "Task 8\Task 8.csproj", "{E22C893E-2441-4E6B-A26A-154579A422E1}"
EndProject
Global
	GlobalSection(SolutionConfigurationPlatforms) = preSolution
		Debug|Any CPU = Debug|Any CPU
		Release|Any CPU = Release|Any CPU
	EndGlobalSection
	GlobalSection(ProjectConfigurationPlatforms) = postSolution
		{03061386-3619-4683-9B57-21313B4445F7}.Debug|Any CPU.ActiveCfg = Debug|Any CPU
		{03061386-3619-4683-9B57-21313B4445F7}.Debug|Any CPU.Build.0 = Debug|Any CPU
		{03061386-3619-4683-9B57-21313B4445F7}.Release|Any CPU.ActiveCfg = Release|Any CPU
		{03061386-3619-4683-9B57-21313B4445F7}.Release|Any CPU.Build.0 = Release|Any CPU
		{BB48FE61-0613-401C-8E8A-633318776C2F}.Debug|Any CPU.ActiveCfg = Debug|Any CPU
		{BB48FE61-0613-401C-8E8A-633318776C2F}.Debug|Any CPU.Build.0 = Debug|Any CPU
		{BB48FE61-0613-401C-8E8A-633318776C2F}.Release|Any CPU.ActiveCfg = Release|Any CPU
		{BB48FE61-0613-401C-8E8A-633318776C2F}.Release|Any CPU.Build.0 = Release|Any CPU
		{35776F40-7F58-4CE2-A1A6-BAD90B44CB11}.Debug|Any CPU.ActiveCfg = Debug|Any CPU
		{35776F40-7F58-4CE2-A1A6-BAD90B44CB11}.Debug|Any CPU.Build.0 = Debug|Any CPU
		{35776F40-7F58-4CE2-A1A6-BAD90B44CB11}.Release|Any CPU.ActiveCfg = Release|Any CPU
		{35776F40-7F58-4CE2-A1A6-BAD90B44CB11}.Release|Any CPU.Build.0 = Release|Any CPU
		{F1EDC287-DDD4-4D00-B6BE-7DAE190F684E}.Debug|Any CPU.ActiveCfg = Debug|Any CPU
		{F1EDC287-DDD4-4D00-B6BE-7DAE190F684E}.Debug|Any CPU.Build.0 = Debug|Any CPU
		{F1EDC287-DDD4-4D00-B6BE-7DAE190F684E}.Release|Any CPU.ActiveCfg = Release|Any CPU
		{F1EDC287-DDD4-4D00-B6BE-7DAE190F684E}.Release|Any CPU.Build.0 = Release|Any CPU
		{E22C893E-2441-4E6B-A26A-154579A422E1}.Debug|Any CPU.ActiveCfg = Debug|Any CPU
		{E22C893E-2441-4E6B-A26A-154579A422E1}.Debug|Any CPU.Build.0 = Debug|Any CPU
		{E22C893E-2441-4E6B-A26A-154579A422E1}.Release|Any CPU.ActiveCfg = Release|Any CPU
		{E22C893E-2441-4E6B-A26A-154579A422E1}.Release|Any CPU.Build.0 = Release|Any CPU
	EndGlobalSection
	GlobalSection(SolutionProperties) = preSolution
		HideSolutionNode = FALSE
	EndGlobalSection
	GlobalSection(ExtensibilityGlobals) = postSolution
		SolutionGuid = {0232592C-96D0-4DAE-AF27-4DD446C4B812}
	EndGlobalSection
EndGlobal
