
Microsoft Visual Studio Solution File, Format Version 12.00
# Visual Studio Version 16
VisualStudioVersion = 16.0.31005.135
MinimumVisualStudioVersion = 10.0.40219.1
Project("{FAE04EC0-301F-11D3-BF4B-00C04F79EFBC}") = "5", "5\5.csproj", "{977CBB64-47A6-44DC-B613-1AE1E6F62B0D}"
EndProject
Global
	GlobalSection(SolutionConfigurationPlatforms) = preSolution
		Debug|Any CPU = Debug|Any CPU
		Release|Any CPU = Release|Any CPU
	EndGlobalSection
	GlobalSection(ProjectConfigurationPlatforms) = postSolution
		{977CBB64-47A6-44DC-B613-1AE1E6F62B0D}.Debug|Any CPU.ActiveCfg = Debug|Any CPU
		{977CBB64-47A6-44DC-B613-1AE1E6F62B0D}.Debug|Any CPU.Build.0 = Debug|Any CPU
		{977CBB64-47A6-44DC-B613-1AE1E6F62B0D}.Release|Any CPU.ActiveCfg = Release|Any CPU
		{977CBB64-47A6-44DC-B613-1AE1E6F62B0D}.Release|Any CPU.Build.0 = Release|Any CPU
	EndGlobalSection
	GlobalSection(SolutionProperties) = preSolution
		HideSolutionNode = FALSE
	EndGlobalSection
	GlobalSection(ExtensibilityGlobals) = postSolution
		SolutionGuid = {5E872357-C2D6-45CE-991E-3B0D20AC25E8}
	EndGlobalSection
EndGlobal
