
Microsoft Visual Studio Solution File, Format Version 12.00
# Visual Studio Version 16
VisualStudioVersion = 16.0.31005.135
MinimumVisualStudioVersion = 10.0.40219.1
Project("{FAE04EC0-301F-11D3-BF4B-00C04F79EFBC}") = "Geometry", "Geometry\Geometry.csproj", "{6ED8B189-7FC0-4A15-9F98-307536CB1815}"
EndProject
Global
	GlobalSection(SolutionConfigurationPlatforms) = preSolution
		Debug|Any CPU = Debug|Any CPU
		Release|Any CPU = Release|Any CPU
	EndGlobalSection
	GlobalSection(ProjectConfigurationPlatforms) = postSolution
		{6ED8B189-7FC0-4A15-9F98-307536CB1815}.Debug|Any CPU.ActiveCfg = Debug|Any CPU
		{6ED8B189-7FC0-4A15-9F98-307536CB1815}.Debug|Any CPU.Build.0 = Debug|Any CPU
		{6ED8B189-7FC0-4A15-9F98-307536CB1815}.Release|Any CPU.ActiveCfg = Release|Any CPU
		{6ED8B189-7FC0-4A15-9F98-307536CB1815}.Release|Any CPU.Build.0 = Release|Any CPU
	EndGlobalSection
	GlobalSection(SolutionProperties) = preSolution
		HideSolutionNode = FALSE
	EndGlobalSection
	GlobalSection(ExtensibilityGlobals) = postSolution
		SolutionGuid = {4D89C2B0-8B19-4F05-8984-622E1C3FB56B}
	EndGlobalSection
EndGlobal
