
Microsoft Visual Studio Solution File, Format Version 12.00
# Visual Studio Version 16
VisualStudioVersion = 16.0.31005.135
MinimumVisualStudioVersion = 10.0.40219.1
Project("{FAE04EC0-301F-11D3-BF4B-00C04F79EFBC}") = "v11", "v11\v11.csproj", "{23E69D43-6EAD-4C32-96FF-41A164A186AB}"
EndProject
Global
	GlobalSection(SolutionConfigurationPlatforms) = preSolution
		Debug|Any CPU = Debug|Any CPU
		Release|Any CPU = Release|Any CPU
	EndGlobalSection
	GlobalSection(ProjectConfigurationPlatforms) = postSolution
		{23E69D43-6EAD-4C32-96FF-41A164A186AB}.Debug|Any CPU.ActiveCfg = Debug|Any CPU
		{23E69D43-6EAD-4C32-96FF-41A164A186AB}.Debug|Any CPU.Build.0 = Debug|Any CPU
		{23E69D43-6EAD-4C32-96FF-41A164A186AB}.Release|Any CPU.ActiveCfg = Release|Any CPU
		{23E69D43-6EAD-4C32-96FF-41A164A186AB}.Release|Any CPU.Build.0 = Release|Any CPU
	EndGlobalSection
	GlobalSection(SolutionProperties) = preSolution
		HideSolutionNode = FALSE
	EndGlobalSection
	GlobalSection(ExtensibilityGlobals) = postSolution
		SolutionGuid = {835D7CC1-DBE3-4BD5-ABEF-2081B9C1A118}
	EndGlobalSection
EndGlobal
