
Microsoft Visual Studio Solution File, Format Version 12.00
# Visual Studio Version 16
VisualStudioVersion = 16.0.31005.135
MinimumVisualStudioVersion = 10.0.40219.1
Project("{9A19103F-16F7-4668-BE54-9A1E7A4F7556}") = "11", "10\11.csproj", "{2A2E0165-A969-42BD-AD10-19D85E278214}"
EndProject
Global
	GlobalSection(SolutionConfigurationPlatforms) = preSolution
		Debug|Any CPU = Debug|Any CPU
		Release|Any CPU = Release|Any CPU
	EndGlobalSection
	GlobalSection(ProjectConfigurationPlatforms) = postSolution
		{2A2E0165-A969-42BD-AD10-19D85E278214}.Debug|Any CPU.ActiveCfg = Debug|Any CPU
		{2A2E0165-A969-42BD-AD10-19D85E278214}.Debug|Any CPU.Build.0 = Debug|Any CPU
		{2A2E0165-A969-42BD-AD10-19D85E278214}.Release|Any CPU.ActiveCfg = Release|Any CPU
		{2A2E0165-A969-42BD-AD10-19D85E278214}.Release|Any CPU.Build.0 = Release|Any CPU
	EndGlobalSection
	GlobalSection(SolutionProperties) = preSolution
		HideSolutionNode = FALSE
	EndGlobalSection
	GlobalSection(ExtensibilityGlobals) = postSolution
		SolutionGuid = {7FAA2511-461B-4F17-BC37-F5304CFA144D}
	EndGlobalSection
EndGlobal
