
Microsoft Visual Studio Solution File, Format Version 12.00
# Visual Studio Version 16
VisualStudioVersion = 16.0.31005.135
MinimumVisualStudioVersion = 10.0.40219.1
Project("{9A19103F-16F7-4668-BE54-9A1E7A4F7556}") = "11", "11.csproj", "{2BE24B5A-03F6-4141-8251-93C54E49157A}"
EndProject
Global
	GlobalSection(SolutionConfigurationPlatforms) = preSolution
		Debug|Any CPU = Debug|Any CPU
		Release|Any CPU = Release|Any CPU
	EndGlobalSection
	GlobalSection(ProjectConfigurationPlatforms) = postSolution
		{2BE24B5A-03F6-4141-8251-93C54E49157A}.Debug|Any CPU.ActiveCfg = Debug|Any CPU
		{2BE24B5A-03F6-4141-8251-93C54E49157A}.Debug|Any CPU.Build.0 = Debug|Any CPU
		{2BE24B5A-03F6-4141-8251-93C54E49157A}.Release|Any CPU.ActiveCfg = Release|Any CPU
		{2BE24B5A-03F6-4141-8251-93C54E49157A}.Release|Any CPU.Build.0 = Release|Any CPU
	EndGlobalSection
	GlobalSection(SolutionProperties) = preSolution
		HideSolutionNode = FALSE
	EndGlobalSection
	GlobalSection(ExtensibilityGlobals) = postSolution
		SolutionGuid = {D1483AB9-12CC-475C-835F-27964D42A09D}
	EndGlobalSection
EndGlobal
