
Microsoft Visual Studio Solution File, Format Version 12.00
# Visual Studio Version 16
VisualStudioVersion = 16.0.31005.135
MinimumVisualStudioVersion = 10.0.40219.1
Project("{FAE04EC0-301F-11D3-BF4B-00C04F79EFBC}") = "4", "4\4.csproj", "{5EF1DCE2-2FB7-4D00-A6B6-5212E05F94A2}"
EndProject
Global
	GlobalSection(SolutionConfigurationPlatforms) = preSolution
		Debug|Any CPU = Debug|Any CPU
		Release|Any CPU = Release|Any CPU
	EndGlobalSection
	GlobalSection(ProjectConfigurationPlatforms) = postSolution
		{5EF1DCE2-2FB7-4D00-A6B6-5212E05F94A2}.Debug|Any CPU.ActiveCfg = Debug|Any CPU
		{5EF1DCE2-2FB7-4D00-A6B6-5212E05F94A2}.Debug|Any CPU.Build.0 = Debug|Any CPU
		{5EF1DCE2-2FB7-4D00-A6B6-5212E05F94A2}.Release|Any CPU.ActiveCfg = Release|Any CPU
		{5EF1DCE2-2FB7-4D00-A6B6-5212E05F94A2}.Release|Any CPU.Build.0 = Release|Any CPU
	EndGlobalSection
	GlobalSection(SolutionProperties) = preSolution
		HideSolutionNode = FALSE
	EndGlobalSection
	GlobalSection(ExtensibilityGlobals) = postSolution
		SolutionGuid = {4E5058EC-C03E-41BF-8012-EA7823808649}
	EndGlobalSection
EndGlobal
