
Microsoft Visual Studio Solution File, Format Version 12.00
# Visual Studio Version 16
VisualStudioVersion = 16.0.31005.135
MinimumVisualStudioVersion = 10.0.40219.1
Project("{9A19103F-16F7-4668-BE54-9A1E7A4F7556}") = "Task 2", "LB 1 Piskun Ivan\Task 2.csproj", "{2C20FA62-54A0-4490-B498-9B8C5F3A652F}"
EndProject
Project("{FAE04EC0-301F-11D3-BF4B-00C04F79EFBC}") = "Task 1", "Task 1\Task 1.csproj", "{4661F8FD-C421-454B-AC28-A9882971D925}"
EndProject
Global
	GlobalSection(SolutionConfigurationPlatforms) = preSolution
		Debug|Any CPU = Debug|Any CPU
		Release|Any CPU = Release|Any CPU
	EndGlobalSection
	GlobalSection(ProjectConfigurationPlatforms) = postSolution
		{2C20FA62-54A0-4490-B498-9B8C5F3A652F}.Debug|Any CPU.ActiveCfg = Debug|Any CPU
		{2C20FA62-54A0-4490-B498-9B8C5F3A652F}.Debug|Any CPU.Build.0 = Debug|Any CPU
		{2C20FA62-54A0-4490-B498-9B8C5F3A652F}.Release|Any CPU.ActiveCfg = Release|Any CPU
		{2C20FA62-54A0-4490-B498-9B8C5F3A652F}.Release|Any CPU.Build.0 = Release|Any CPU
		{4661F8FD-C421-454B-AC28-A9882971D925}.Debug|Any CPU.ActiveCfg = Debug|Any CPU
		{4661F8FD-C421-454B-AC28-A9882971D925}.Debug|Any CPU.Build.0 = Debug|Any CPU
		{4661F8FD-C421-454B-AC28-A9882971D925}.Release|Any CPU.ActiveCfg = Release|Any CPU
		{4661F8FD-C421-454B-AC28-A9882971D925}.Release|Any CPU.Build.0 = Release|Any CPU
	EndGlobalSection
	GlobalSection(SolutionProperties) = preSolution
		HideSolutionNode = FALSE
	EndGlobalSection
	GlobalSection(ExtensibilityGlobals) = postSolution
		SolutionGuid = {0353086E-6DFE-46FD-B028-6AB0AFBA22BE}
	EndGlobalSection
EndGlobal
