
Microsoft Visual Studio Solution File, Format Version 12.00
# Visual Studio Version 16
VisualStudioVersion = 16.0.31005.135
MinimumVisualStudioVersion = 10.0.40219.1
Project("{FAE04EC0-301F-11D3-BF4B-00C04F79EFBC}") = "lab 21", "lab 21\lab 21.csproj", "{5D932CE7-D4DB-478A-84C9-E588018B42D5}"
EndProject
Global
	GlobalSection(SolutionConfigurationPlatforms) = preSolution
		Debug|Any CPU = Debug|Any CPU
		Release|Any CPU = Release|Any CPU
	EndGlobalSection
	GlobalSection(ProjectConfigurationPlatforms) = postSolution
		{5D932CE7-D4DB-478A-84C9-E588018B42D5}.Debug|Any CPU.ActiveCfg = Debug|Any CPU
		{5D932CE7-D4DB-478A-84C9-E588018B42D5}.Debug|Any CPU.Build.0 = Debug|Any CPU
		{5D932CE7-D4DB-478A-84C9-E588018B42D5}.Release|Any CPU.ActiveCfg = Release|Any CPU
		{5D932CE7-D4DB-478A-84C9-E588018B42D5}.Release|Any CPU.Build.0 = Release|Any CPU
	EndGlobalSection
	GlobalSection(SolutionProperties) = preSolution
		HideSolutionNode = FALSE
	EndGlobalSection
	GlobalSection(ExtensibilityGlobals) = postSolution
		SolutionGuid = {B60A2BF5-257B-4FE4-AFC8-41074461F5B1}
	EndGlobalSection
EndGlobal
